// !$*UTF8*$!
{
	archiveVersion = 1;
	classes = {
	};
	objectVersion = 56;
	objects = {

/* Begin PBXBuildFile section */
		3595E0302B32BED000B00C86 /* AlertDialogTableViewCell.swift in Sources */ = {isa = PBXBuildFile; fileRef = 3595E02E2B32BED000B00C86 /* AlertDialogTableViewCell.swift */; };
		3595E0312B32BED000B00C86 /* AlertDialogTableViewCell.xib in Resources */ = {isa = PBXBuildFile; fileRef = 3595E02F2B32BED000B00C86 /* AlertDialogTableViewCell.xib */; };
		35B0902C2B3193CE00CD765A /* AppDelegate.swift in Sources */ = {isa = PBXBuildFile; fileRef = 35B0902B2B3193CE00CD765A /* AppDelegate.swift */; };
		35B0902E2B3193CE00CD765A /* SceneDelegate.swift in Sources */ = {isa = PBXBuildFile; fileRef = 35B0902D2B3193CE00CD765A /* SceneDelegate.swift */; };
		35B090302B3193CE00CD765A /* ViewController.swift in Sources */ = {isa = PBXBuildFile; fileRef = 35B0902F2B3193CE00CD765A /* ViewController.swift */; };
		35B090332B3193CE00CD765A /* Main.storyboard in Resources */ = {isa = PBXBuildFile; fileRef = 35B090312B3193CE00CD765A /* Main.storyboard */; };
		35B090352B3193CF00CD765A /* Assets.xcassets in Resources */ = {isa = PBXBuildFile; fileRef = 35B090342B3193CF00CD765A /* Assets.xcassets */; };
		35B090382B3193CF00CD765A /* LaunchScreen.storyboard in Resources */ = {isa = PBXBuildFile; fileRef = 35B090362B3193CF00CD765A /* LaunchScreen.storyboard */; };
		35B090432B3193CF00CD765A /* UtilsTests.swift in Sources */ = {isa = PBXBuildFile; fileRef = 35B090422B3193CF00CD765A /* UtilsTests.swift */; };
		35B0904D2B3193CF00CD765A /* UtilsUITests.swift in Sources */ = {isa = PBXBuildFile; fileRef = 35B0904C2B3193CF00CD765A /* UtilsUITests.swift */; };
		35B0904F2B3193CF00CD765A /* UtilsUITestsLaunchTests.swift in Sources */ = {isa = PBXBuildFile; fileRef = 35B0904E2B3193CF00CD765A /* UtilsUITestsLaunchTests.swift */; };
		35B090602B319D0400CD765A /* CustomHeaderView.swift in Sources */ = {isa = PBXBuildFile; fileRef = 35B0905F2B319D0400CD765A /* CustomHeaderView.swift */; };
		35B090622B319D3B00CD765A /* Header.xib in Resources */ = {isa = PBXBuildFile; fileRef = 35B090612B319D3B00CD765A /* Header.xib */; };
		35B090652B319F5800CD765A /* Provider.swift in Sources */ = {isa = PBXBuildFile; fileRef = 35B090642B319F5800CD765A /* Provider.swift */; };
		35B090682B319F7A00CD765A /* DataItem.swift in Sources */ = {isa = PBXBuildFile; fileRef = 35B090672B319F7A00CD765A /* DataItem.swift */; };
		35B0906C2B31A11800CD765A /* ValidationTableViewCell.swift in Sources */ = {isa = PBXBuildFile; fileRef = 35B0906A2B31A11800CD765A /* ValidationTableViewCell.swift */; };
		35B0906D2B31A11800CD765A /* ValidationTableViewCell.xib in Resources */ = {isa = PBXBuildFile; fileRef = 35B0906B2B31A11800CD765A /* ValidationTableViewCell.xib */; };
		35B0906F2B31AAC100CD765A /* Validate.swift in Sources */ = {isa = PBXBuildFile; fileRef = 35B0906E2B31AAC100CD765A /* Validate.swift */; };
		35B090722B31AD3000CD765A /* Regex.swift in Sources */ = {isa = PBXBuildFile; fileRef = 35B090712B31AD3000CD765A /* Regex.swift */; };
		35B090742B31B4B400CD765A /* BaseViewController.swift in Sources */ = {isa = PBXBuildFile; fileRef = 35B090732B31B4B400CD765A /* BaseViewController.swift */; };
		35B090832B31C11000CD765A /* DropDownCell.xib in Resources */ = {isa = PBXBuildFile; fileRef = 35B090792B31C11000CD765A /* DropDownCell.xib */; };
		35B090842B31C11000CD765A /* DPDKeyboardListener.swift in Sources */ = {isa = PBXBuildFile; fileRef = 35B0907B2B31C11000CD765A /* DPDKeyboardListener.swift */; };
		35B090852B31C11000CD765A /* DPDConstants.swift in Sources */ = {isa = PBXBuildFile; fileRef = 35B0907C2B31C11000CD765A /* DPDConstants.swift */; };
		35B090862B31C11000CD765A /* DPDUIView+Extension.swift in Sources */ = {isa = PBXBuildFile; fileRef = 35B0907D2B31C11000CD765A /* DPDUIView+Extension.swift */; };
		35B090882B31C11000CD765A /* DropDown.swift in Sources */ = {isa = PBXBuildFile; fileRef = 35B090802B31C11000CD765A /* DropDown.swift */; };
		35B090892B31C11000CD765A /* DropDownCell.swift in Sources */ = {isa = PBXBuildFile; fileRef = 35B090812B31C11000CD765A /* DropDownCell.swift */; };
		35B0908A2B31C11000CD765A /* DropDown+Appearance.swift in Sources */ = {isa = PBXBuildFile; fileRef = 35B090822B31C11000CD765A /* DropDown+Appearance.swift */; };
		35B8AA132B355E8C0012ABB3 /* ColorConfigure.swift in Sources */ = {isa = PBXBuildFile; fileRef = 35B8AA122B355E8C0012ABB3 /* ColorConfigure.swift */; };
		35C710C72B32CAC6004DBBC2 /* CustomDropDownCell.swift in Sources */ = {isa = PBXBuildFile; fileRef = 35C710C52B32CAC6004DBBC2 /* CustomDropDownCell.swift */; };
		35C710C82B32CAC6004DBBC2 /* CustomDropDownCell.xib in Resources */ = {isa = PBXBuildFile; fileRef = 35C710C62B32CAC6004DBBC2 /* CustomDropDownCell.xib */; };
		35C710CB2B32F3F6004DBBC2 /* CustomAlertViewController.swift in Sources */ = {isa = PBXBuildFile; fileRef = 35C710C92B32F3F6004DBBC2 /* CustomAlertViewController.swift */; };
		35C710CC2B32F3F6004DBBC2 /* CustomAlertViewController.xib in Resources */ = {isa = PBXBuildFile; fileRef = 35C710CA2B32F3F6004DBBC2 /* CustomAlertViewController.xib */; };
		35C710D02B331492004DBBC2 /* ReachabilitySwift.swift in Sources */ = {isa = PBXBuildFile; fileRef = 35C710CF2B331492004DBBC2 /* ReachabilitySwift.swift */; };
		35C710D22B33151C004DBBC2 /* NetworkModel.swift in Sources */ = {isa = PBXBuildFile; fileRef = 35C710D12B33151C004DBBC2 /* NetworkModel.swift */; };
		35D681EC2B32C84C00E0CD3F /* DropDownViewController.swift in Sources */ = {isa = PBXBuildFile; fileRef = 35D681EA2B32C84C00E0CD3F /* DropDownViewController.swift */; };
		35D681ED2B32C84C00E0CD3F /* DropDownViewController.xib in Resources */ = {isa = PBXBuildFile; fileRef = 35D681EB2B32C84C00E0CD3F /* DropDownViewController.xib */; };
		35FA12E72B340A1F00FEC83B /* PopUpPresentationController.swift in Sources */ = {isa = PBXBuildFile; fileRef = 35FA12E62B340A1F00FEC83B /* PopUpPresentationController.swift */; };
		35FA12EE2B34243100FEC83B /* Button+Extension.swift in Sources */ = {isa = PBXBuildFile; fileRef = 35FA12ED2B34243100FEC83B /* Button+Extension.swift */; };
		35FA12F12B3425A200FEC83B /* GenderViewController.swift in Sources */ = {isa = PBXBuildFile; fileRef = 35FA12EF2B3425A200FEC83B /* GenderViewController.swift */; };
		35FA12F22B3425A200FEC83B /* GenderViewController.xib in Resources */ = {isa = PBXBuildFile; fileRef = 35FA12F02B3425A200FEC83B /* GenderViewController.xib */; };
		35FA12F42B34349C00FEC83B /* AlertHelperModel.swift in Sources */ = {isa = PBXBuildFile; fileRef = 35FA12F32B34349C00FEC83B /* AlertHelperModel.swift */; };
		35FA12F62B3447C200FEC83B /* ProgressDialogue.swift in Sources */ = {isa = PBXBuildFile; fileRef = 35FA12F52B3447C200FEC83B /* ProgressDialogue.swift */; };
		35FA12FD2B344C2700FEC83B /* ProgressViewController.swift in Sources */ = {isa = PBXBuildFile; fileRef = 35FA12FB2B344C2700FEC83B /* ProgressViewController.swift */; };
		35FA12FE2B344C2700FEC83B /* ProgressViewController.xib in Resources */ = {isa = PBXBuildFile; fileRef = 35FA12FC2B344C2700FEC83B /* ProgressViewController.xib */; };
		35FA13002B345B9200FEC83B /* AJProgressView.swift in Sources */ = {isa = PBXBuildFile; fileRef = 35FA12FF2B345B9200FEC83B /* AJProgressView.swift */; };
		35FA13032B3466F500FEC83B /* Carousel.swift in Sources */ = {isa = PBXBuildFile; fileRef = 35FA13022B3466F500FEC83B /* Carousel.swift */; };
		35FA13052B34672400FEC83B /* CarouselCell.swift in Sources */ = {isa = PBXBuildFile; fileRef = 35FA13042B34672400FEC83B /* CarouselCell.swift */; };
		35FA13072B34674D00FEC83B /* CarouselSlide.swift in Sources */ = {isa = PBXBuildFile; fileRef = 35FA13062B34674D00FEC83B /* CarouselSlide.swift */; };
		35FA13092B34687500FEC83B /* Image+Extension.swift in Sources */ = {isa = PBXBuildFile; fileRef = 35FA13082B34687500FEC83B /* Image+Extension.swift */; };
		35FA130D2B3470AB00FEC83B /* DateCalendarTableViewCell.swift in Sources */ = {isa = PBXBuildFile; fileRef = 35FA130B2B3470AB00FEC83B /* DateCalendarTableViewCell.swift */; };
		35FA130E2B3470AB00FEC83B /* DateCalendarTableViewCell.xib in Resources */ = {isa = PBXBuildFile; fileRef = 35FA130C2B3470AB00FEC83B /* DateCalendarTableViewCell.xib */; };
		35FA13112B34763600FEC83B /* Enumerations.swift in Sources */ = {isa = PBXBuildFile; fileRef = 35FA13102B34763600FEC83B /* Enumerations.swift */; };
		35FA13132B3476E100FEC83B /* Date+Extension.swift in Sources */ = {isa = PBXBuildFile; fileRef = 35FA13122B3476E100FEC83B /* Date+Extension.swift */; };
/* End PBXBuildFile section */

/* Begin PBXContainerItemProxy section */
		35B0903F2B3193CF00CD765A /* PBXContainerItemProxy */ = {
			isa = PBXContainerItemProxy;
			containerPortal = 35B090202B3193CE00CD765A /* Project object */;
			proxyType = 1;
			remoteGlobalIDString = 35B090272B3193CE00CD765A;
			remoteInfo = Utils;
		};
		35B090492B3193CF00CD765A /* PBXContainerItemProxy */ = {
			isa = PBXContainerItemProxy;
			containerPortal = 35B090202B3193CE00CD765A /* Project object */;
			proxyType = 1;
			remoteGlobalIDString = 35B090272B3193CE00CD765A;
			remoteInfo = Utils;
		};
/* End PBXContainerItemProxy section */

/* Begin PBXFileReference section */
		3595E02E2B32BED000B00C86 /* AlertDialogTableViewCell.swift */ = {isa = PBXFileReference; lastKnownFileType = sourcecode.swift; path = AlertDialogTableViewCell.swift; sourceTree = "<group>"; };
		3595E02F2B32BED000B00C86 /* AlertDialogTableViewCell.xib */ = {isa = PBXFileReference; lastKnownFileType = file.xib; path = AlertDialogTableViewCell.xib; sourceTree = "<group>"; };
		35B090282B3193CE00CD765A /* Utils.app */ = {isa = PBXFileReference; explicitFileType = wrapper.application; includeInIndex = 0; path = Utils.app; sourceTree = BUILT_PRODUCTS_DIR; };
		35B0902B2B3193CE00CD765A /* AppDelegate.swift */ = {isa = PBXFileReference; lastKnownFileType = sourcecode.swift; path = AppDelegate.swift; sourceTree = "<group>"; };
		35B0902D2B3193CE00CD765A /* SceneDelegate.swift */ = {isa = PBXFileReference; lastKnownFileType = sourcecode.swift; path = SceneDelegate.swift; sourceTree = "<group>"; };
		35B0902F2B3193CE00CD765A /* ViewController.swift */ = {isa = PBXFileReference; lastKnownFileType = sourcecode.swift; path = ViewController.swift; sourceTree = "<group>"; };
		35B090322B3193CE00CD765A /* Base */ = {isa = PBXFileReference; lastKnownFileType = file.storyboard; name = Base; path = Base.lproj/Main.storyboard; sourceTree = "<group>"; };
		35B090342B3193CF00CD765A /* Assets.xcassets */ = {isa = PBXFileReference; lastKnownFileType = folder.assetcatalog; path = Assets.xcassets; sourceTree = "<group>"; };
		35B090372B3193CF00CD765A /* Base */ = {isa = PBXFileReference; lastKnownFileType = file.storyboard; name = Base; path = Base.lproj/LaunchScreen.storyboard; sourceTree = "<group>"; };
		35B090392B3193CF00CD765A /* Info.plist */ = {isa = PBXFileReference; lastKnownFileType = text.plist.xml; path = Info.plist; sourceTree = "<group>"; };
		35B0903E2B3193CF00CD765A /* UtilsTests.xctest */ = {isa = PBXFileReference; explicitFileType = wrapper.cfbundle; includeInIndex = 0; path = UtilsTests.xctest; sourceTree = BUILT_PRODUCTS_DIR; };
		35B090422B3193CF00CD765A /* UtilsTests.swift */ = {isa = PBXFileReference; lastKnownFileType = sourcecode.swift; path = UtilsTests.swift; sourceTree = "<group>"; };
		35B090482B3193CF00CD765A /* UtilsUITests.xctest */ = {isa = PBXFileReference; explicitFileType = wrapper.cfbundle; includeInIndex = 0; path = UtilsUITests.xctest; sourceTree = BUILT_PRODUCTS_DIR; };
		35B0904C2B3193CF00CD765A /* UtilsUITests.swift */ = {isa = PBXFileReference; lastKnownFileType = sourcecode.swift; path = UtilsUITests.swift; sourceTree = "<group>"; };
		35B0904E2B3193CF00CD765A /* UtilsUITestsLaunchTests.swift */ = {isa = PBXFileReference; lastKnownFileType = sourcecode.swift; path = UtilsUITestsLaunchTests.swift; sourceTree = "<group>"; };
		35B0905F2B319D0400CD765A /* CustomHeaderView.swift */ = {isa = PBXFileReference; lastKnownFileType = sourcecode.swift; path = CustomHeaderView.swift; sourceTree = "<group>"; };
		35B090612B319D3B00CD765A /* Header.xib */ = {isa = PBXFileReference; lastKnownFileType = file.xib; path = Header.xib; sourceTree = "<group>"; };
		35B090642B319F5800CD765A /* Provider.swift */ = {isa = PBXFileReference; lastKnownFileType = sourcecode.swift; path = Provider.swift; sourceTree = "<group>"; };
		35B090672B319F7A00CD765A /* DataItem.swift */ = {isa = PBXFileReference; lastKnownFileType = sourcecode.swift; path = DataItem.swift; sourceTree = "<group>"; };
		35B0906A2B31A11800CD765A /* ValidationTableViewCell.swift */ = {isa = PBXFileReference; lastKnownFileType = sourcecode.swift; path = ValidationTableViewCell.swift; sourceTree = "<group>"; };
		35B0906B2B31A11800CD765A /* ValidationTableViewCell.xib */ = {isa = PBXFileReference; lastKnownFileType = file.xib; path = ValidationTableViewCell.xib; sourceTree = "<group>"; };
		35B0906E2B31AAC100CD765A /* Validate.swift */ = {isa = PBXFileReference; lastKnownFileType = sourcecode.swift; path = Validate.swift; sourceTree = "<group>"; };
		35B090712B31AD3000CD765A /* Regex.swift */ = {isa = PBXFileReference; lastKnownFileType = sourcecode.swift; path = Regex.swift; sourceTree = "<group>"; };
		35B090732B31B4B400CD765A /* BaseViewController.swift */ = {isa = PBXFileReference; lastKnownFileType = sourcecode.swift; path = BaseViewController.swift; sourceTree = "<group>"; };
		35B090792B31C11000CD765A /* DropDownCell.xib */ = {isa = PBXFileReference; fileEncoding = 4; lastKnownFileType = file.xib; path = DropDownCell.xib; sourceTree = "<group>"; };
		35B0907B2B31C11000CD765A /* DPDKeyboardListener.swift */ = {isa = PBXFileReference; fileEncoding = 4; lastKnownFileType = sourcecode.swift; path = DPDKeyboardListener.swift; sourceTree = "<group>"; };
		35B0907C2B31C11000CD765A /* DPDConstants.swift */ = {isa = PBXFileReference; fileEncoding = 4; lastKnownFileType = sourcecode.swift; path = DPDConstants.swift; sourceTree = "<group>"; };
		35B0907D2B31C11000CD765A /* DPDUIView+Extension.swift */ = {isa = PBXFileReference; fileEncoding = 4; lastKnownFileType = sourcecode.swift; path = "DPDUIView+Extension.swift"; sourceTree = "<group>"; };
		35B090802B31C11000CD765A /* DropDown.swift */ = {isa = PBXFileReference; fileEncoding = 4; lastKnownFileType = sourcecode.swift; path = DropDown.swift; sourceTree = "<group>"; };
		35B090812B31C11000CD765A /* DropDownCell.swift */ = {isa = PBXFileReference; fileEncoding = 4; lastKnownFileType = sourcecode.swift; path = DropDownCell.swift; sourceTree = "<group>"; };
		35B090822B31C11000CD765A /* DropDown+Appearance.swift */ = {isa = PBXFileReference; fileEncoding = 4; lastKnownFileType = sourcecode.swift; path = "DropDown+Appearance.swift"; sourceTree = "<group>"; };
		35B8AA122B355E8C0012ABB3 /* ColorConfigure.swift */ = {isa = PBXFileReference; lastKnownFileType = sourcecode.swift; path = ColorConfigure.swift; sourceTree = "<group>"; };
		35C710C52B32CAC6004DBBC2 /* CustomDropDownCell.swift */ = {isa = PBXFileReference; lastKnownFileType = sourcecode.swift; path = CustomDropDownCell.swift; sourceTree = "<group>"; };
		35C710C62B32CAC6004DBBC2 /* CustomDropDownCell.xib */ = {isa = PBXFileReference; lastKnownFileType = file.xib; path = CustomDropDownCell.xib; sourceTree = "<group>"; };
		35C710C92B32F3F6004DBBC2 /* CustomAlertViewController.swift */ = {isa = PBXFileReference; lastKnownFileType = sourcecode.swift; path = CustomAlertViewController.swift; sourceTree = "<group>"; };
		35C710CA2B32F3F6004DBBC2 /* CustomAlertViewController.xib */ = {isa = PBXFileReference; lastKnownFileType = file.xib; path = CustomAlertViewController.xib; sourceTree = "<group>"; };
		35C710CF2B331492004DBBC2 /* ReachabilitySwift.swift */ = {isa = PBXFileReference; lastKnownFileType = sourcecode.swift; path = ReachabilitySwift.swift; sourceTree = "<group>"; };
		35C710D12B33151C004DBBC2 /* NetworkModel.swift */ = {isa = PBXFileReference; lastKnownFileType = sourcecode.swift; path = NetworkModel.swift; sourceTree = "<group>"; };
		35D681EA2B32C84C00E0CD3F /* DropDownViewController.swift */ = {isa = PBXFileReference; lastKnownFileType = sourcecode.swift; path = DropDownViewController.swift; sourceTree = "<group>"; };
		35D681EB2B32C84C00E0CD3F /* DropDownViewController.xib */ = {isa = PBXFileReference; lastKnownFileType = file.xib; path = DropDownViewController.xib; sourceTree = "<group>"; };
		35FA12E62B340A1F00FEC83B /* PopUpPresentationController.swift */ = {isa = PBXFileReference; lastKnownFileType = sourcecode.swift; path = PopUpPresentationController.swift; sourceTree = "<group>"; };
		35FA12ED2B34243100FEC83B /* Button+Extension.swift */ = {isa = PBXFileReference; lastKnownFileType = sourcecode.swift; path = "Button+Extension.swift"; sourceTree = "<group>"; };
		35FA12EF2B3425A200FEC83B /* GenderViewController.swift */ = {isa = PBXFileReference; lastKnownFileType = sourcecode.swift; path = GenderViewController.swift; sourceTree = "<group>"; };
		35FA12F02B3425A200FEC83B /* GenderViewController.xib */ = {isa = PBXFileReference; lastKnownFileType = file.xib; path = GenderViewController.xib; sourceTree = "<group>"; };
		35FA12F32B34349C00FEC83B /* AlertHelperModel.swift */ = {isa = PBXFileReference; lastKnownFileType = sourcecode.swift; path = AlertHelperModel.swift; sourceTree = "<group>"; };
		35FA12F52B3447C200FEC83B /* ProgressDialogue.swift */ = {isa = PBXFileReference; lastKnownFileType = sourcecode.swift; path = ProgressDialogue.swift; sourceTree = "<group>"; };
		35FA12FB2B344C2700FEC83B /* ProgressViewController.swift */ = {isa = PBXFileReference; lastKnownFileType = sourcecode.swift; path = ProgressViewController.swift; sourceTree = "<group>"; };
		35FA12FC2B344C2700FEC83B /* ProgressViewController.xib */ = {isa = PBXFileReference; lastKnownFileType = file.xib; path = ProgressViewController.xib; sourceTree = "<group>"; };
		35FA12FF2B345B9200FEC83B /* AJProgressView.swift */ = {isa = PBXFileReference; lastKnownFileType = sourcecode.swift; path = AJProgressView.swift; sourceTree = "<group>"; };
		35FA13022B3466F500FEC83B /* Carousel.swift */ = {isa = PBXFileReference; lastKnownFileType = sourcecode.swift; path = Carousel.swift; sourceTree = "<group>"; };
		35FA13042B34672400FEC83B /* CarouselCell.swift */ = {isa = PBXFileReference; lastKnownFileType = sourcecode.swift; path = CarouselCell.swift; sourceTree = "<group>"; };
		35FA13062B34674D00FEC83B /* CarouselSlide.swift */ = {isa = PBXFileReference; lastKnownFileType = sourcecode.swift; path = CarouselSlide.swift; sourceTree = "<group>"; };
		35FA13082B34687500FEC83B /* Image+Extension.swift */ = {isa = PBXFileReference; lastKnownFileType = sourcecode.swift; path = "Image+Extension.swift"; sourceTree = "<group>"; };
		35FA130B2B3470AB00FEC83B /* DateCalendarTableViewCell.swift */ = {isa = PBXFileReference; lastKnownFileType = sourcecode.swift; path = DateCalendarTableViewCell.swift; sourceTree = "<group>"; };
		35FA130C2B3470AB00FEC83B /* DateCalendarTableViewCell.xib */ = {isa = PBXFileReference; lastKnownFileType = file.xib; path = DateCalendarTableViewCell.xib; sourceTree = "<group>"; };
		35FA13102B34763600FEC83B /* Enumerations.swift */ = {isa = PBXFileReference; lastKnownFileType = sourcecode.swift; path = Enumerations.swift; sourceTree = "<group>"; };
		35FA13122B3476E100FEC83B /* Date+Extension.swift */ = {isa = PBXFileReference; lastKnownFileType = sourcecode.swift; path = "Date+Extension.swift"; sourceTree = "<group>"; };
/* End PBXFileReference section */

/* Begin PBXFrameworksBuildPhase section */
		35B090252B3193CE00CD765A /* Frameworks */ = {
			isa = PBXFrameworksBuildPhase;
			buildActionMask = 2147483647;
			files = (
			);
			runOnlyForDeploymentPostprocessing = 0;
		};
		35B0903B2B3193CF00CD765A /* Frameworks */ = {
			isa = PBXFrameworksBuildPhase;
			buildActionMask = 2147483647;
			files = (
			);
			runOnlyForDeploymentPostprocessing = 0;
		};
		35B090452B3193CF00CD765A /* Frameworks */ = {
			isa = PBXFrameworksBuildPhase;
			buildActionMask = 2147483647;
			files = (
			);
			runOnlyForDeploymentPostprocessing = 0;
		};
/* End PBXFrameworksBuildPhase section */

/* Begin PBXGroup section */
		3595E02D2B32BEAE00B00C86 /* Alert Dialogs */ = {
			isa = PBXGroup;
			children = (
				3595E02E2B32BED000B00C86 /* AlertDialogTableViewCell.swift */,
				3595E02F2B32BED000B00C86 /* AlertDialogTableViewCell.xib */,
			);
			path = "Alert Dialogs";
			sourceTree = "<group>";
		};
		3595E0322B32BEF000B00C86 /* CustomPopOver */ = {
			isa = PBXGroup;
			children = (
				35D681EA2B32C84C00E0CD3F /* DropDownViewController.swift */,
				35D681EB2B32C84C00E0CD3F /* DropDownViewController.xib */,
				35C710C52B32CAC6004DBBC2 /* CustomDropDownCell.swift */,
				35C710C62B32CAC6004DBBC2 /* CustomDropDownCell.xib */,
			);
			path = CustomPopOver;
			sourceTree = "<group>";
		};
		35B0901F2B3193CE00CD765A = {
			isa = PBXGroup;
			children = (
				35B0902A2B3193CE00CD765A /* Utils */,
				35B090412B3193CF00CD765A /* UtilsTests */,
				35B0904B2B3193CF00CD765A /* UtilsUITests */,
				35B090292B3193CE00CD765A /* Products */,
			);
			sourceTree = "<group>";
		};
		35B090292B3193CE00CD765A /* Products */ = {
			isa = PBXGroup;
			children = (
				35B090282B3193CE00CD765A /* Utils.app */,
				35B0903E2B3193CF00CD765A /* UtilsTests.xctest */,
				35B090482B3193CF00CD765A /* UtilsUITests.xctest */,
			);
			name = Products;
			sourceTree = "<group>";
		};
		35B0902A2B3193CE00CD765A /* Utils */ = {
			isa = PBXGroup;
			children = (
				35B090752B31C0F200CD765A /* Resources */,
				35B090702B31AD1F00CD765A /* Helper */,
				35B090662B319F6B00CD765A /* Model */,
				35B0905B2B319AA700CD765A /* Cell */,
				35B090632B319F3900CD765A /* ViewModel */,
				35B0902B2B3193CE00CD765A /* AppDelegate.swift */,
				35B0902D2B3193CE00CD765A /* SceneDelegate.swift */,
				35B0902F2B3193CE00CD765A /* ViewController.swift */,
				35B090732B31B4B400CD765A /* BaseViewController.swift */,
				35B090312B3193CE00CD765A /* Main.storyboard */,
				35B090342B3193CF00CD765A /* Assets.xcassets */,
				35B090362B3193CF00CD765A /* LaunchScreen.storyboard */,
				35B090392B3193CF00CD765A /* Info.plist */,
			);
			path = Utils;
			sourceTree = "<group>";
		};
		35B090412B3193CF00CD765A /* UtilsTests */ = {
			isa = PBXGroup;
			children = (
				35B090422B3193CF00CD765A /* UtilsTests.swift */,
			);
			path = UtilsTests;
			sourceTree = "<group>";
		};
		35B0904B2B3193CF00CD765A /* UtilsUITests */ = {
			isa = PBXGroup;
			children = (
				35B0904C2B3193CF00CD765A /* UtilsUITests.swift */,
				35B0904E2B3193CF00CD765A /* UtilsUITestsLaunchTests.swift */,
			);
			path = UtilsUITests;
			sourceTree = "<group>";
		};
		35B0905B2B319AA700CD765A /* Cell */ = {
			isa = PBXGroup;
			children = (
				35FA130F2B3470B000FEC83B /* DateCalendar */,
				3595E02D2B32BEAE00B00C86 /* Alert Dialogs */,
				35B090692B31A0FB00CD765A /* Validation */,
				35B0905E2B319CD500CD765A /* HeaderView */,
			);
			path = Cell;
			sourceTree = "<group>";
		};
		35B0905E2B319CD500CD765A /* HeaderView */ = {
			isa = PBXGroup;
			children = (
				35B0905F2B319D0400CD765A /* CustomHeaderView.swift */,
				35B090612B319D3B00CD765A /* Header.xib */,
			);
			path = HeaderView;
			sourceTree = "<group>";
		};
		35B090632B319F3900CD765A /* ViewModel */ = {
			isa = PBXGroup;
			children = (
				35B090642B319F5800CD765A /* Provider.swift */,
			);
			path = ViewModel;
			sourceTree = "<group>";
		};
		35B090662B319F6B00CD765A /* Model */ = {
			isa = PBXGroup;
			children = (
				35B090672B319F7A00CD765A /* DataItem.swift */,
				35B0906E2B31AAC100CD765A /* Validate.swift */,
				35FA12F32B34349C00FEC83B /* AlertHelperModel.swift */,
				35C710D12B33151C004DBBC2 /* NetworkModel.swift */,
			);
			path = Model;
			sourceTree = "<group>";
		};
		35B090692B31A0FB00CD765A /* Validation */ = {
			isa = PBXGroup;
			children = (
				35B0906A2B31A11800CD765A /* ValidationTableViewCell.swift */,
				35B0906B2B31A11800CD765A /* ValidationTableViewCell.xib */,
			);
			path = Validation;
			sourceTree = "<group>";
		};
		35B090702B31AD1F00CD765A /* Helper */ = {
			isa = PBXGroup;
			children = (
				35FA12F72B3447C800FEC83B /* ProgressDialogue */,
				35B090712B31AD3000CD765A /* Regex.swift */,
				35FA12E62B340A1F00FEC83B /* PopUpPresentationController.swift */,
				35FA12ED2B34243100FEC83B /* Button+Extension.swift */,
				35FA13082B34687500FEC83B /* Image+Extension.swift */,
				35FA13102B34763600FEC83B /* Enumerations.swift */,
				35FA13122B3476E100FEC83B /* Date+Extension.swift */,
				35B8AA122B355E8C0012ABB3 /* ColorConfigure.swift */,
			);
			path = Helper;
			sourceTree = "<group>";
		};
		35B090752B31C0F200CD765A /* Resources */ = {
			isa = PBXGroup;
			children = (
				35FA130A2B34708200FEC83B /* DateCalandar */,
				35FA13012B3466A500FEC83B /* Carousel */,
				35FA12F82B344BEB00FEC83B /* Progress */,
				35FA12E82B34212D00FEC83B /* CustomLayout */,
				35C710CE2B331477004DBBC2 /* Network Connection */,
				3595E0322B32BEF000B00C86 /* CustomPopOver */,
				35B090762B31C11000CD765A /* DropDown */,
				35C710CD2B32F70C004DBBC2 /* ImageAlert */,
			);
			path = Resources;
			sourceTree = "<group>";
		};
		35B090762B31C11000CD765A /* DropDown */ = {
			isa = PBXGroup;
			children = (
				35B090782B31C11000CD765A /* resources */,
				35B0907A2B31C11000CD765A /* helpers */,
				35B0907F2B31C11000CD765A /* src */,
			);
			path = DropDown;
			sourceTree = "<group>";
		};
		35B090782B31C11000CD765A /* resources */ = {
			isa = PBXGroup;
			children = (
				35B090792B31C11000CD765A /* DropDownCell.xib */,
			);
			path = resources;
			sourceTree = "<group>";
		};
		35B0907A2B31C11000CD765A /* helpers */ = {
			isa = PBXGroup;
			children = (
				35B0907B2B31C11000CD765A /* DPDKeyboardListener.swift */,
				35B0907C2B31C11000CD765A /* DPDConstants.swift */,
				35B0907D2B31C11000CD765A /* DPDUIView+Extension.swift */,
			);
			path = helpers;
			sourceTree = "<group>";
		};
		35B0907F2B31C11000CD765A /* src */ = {
			isa = PBXGroup;
			children = (
				35B090802B31C11000CD765A /* DropDown.swift */,
				35B090812B31C11000CD765A /* DropDownCell.swift */,
				35B090822B31C11000CD765A /* DropDown+Appearance.swift */,
			);
			path = src;
			sourceTree = "<group>";
		};
		35C710CD2B32F70C004DBBC2 /* ImageAlert */ = {
			isa = PBXGroup;
			children = (
				35C710C92B32F3F6004DBBC2 /* CustomAlertViewController.swift */,
				35C710CA2B32F3F6004DBBC2 /* CustomAlertViewController.xib */,
			);
			path = ImageAlert;
			sourceTree = "<group>";
		};
		35C710CE2B331477004DBBC2 /* Network Connection */ = {
			isa = PBXGroup;
			children = (
				35C710CF2B331492004DBBC2 /* ReachabilitySwift.swift */,
			);
			path = "Network Connection";
			sourceTree = "<group>";
		};
		35FA12E82B34212D00FEC83B /* CustomLayout */ = {
			isa = PBXGroup;
			children = (
				35FA12EF2B3425A200FEC83B /* GenderViewController.swift */,
				35FA12F02B3425A200FEC83B /* GenderViewController.xib */,
			);
			path = CustomLayout;
			sourceTree = "<group>";
		};
		35FA12F72B3447C800FEC83B /* ProgressDialogue */ = {
			isa = PBXGroup;
			children = (
				35FA12F52B3447C200FEC83B /* ProgressDialogue.swift */,
				35FA12FF2B345B9200FEC83B /* AJProgressView.swift */,
			);
			path = ProgressDialogue;
			sourceTree = "<group>";
		};
		35FA12F82B344BEB00FEC83B /* Progress */ = {
			isa = PBXGroup;
			children = (
				35FA12FB2B344C2700FEC83B /* ProgressViewController.swift */,
				35FA12FC2B344C2700FEC83B /* ProgressViewController.xib */,
			);
			path = Progress;
			sourceTree = "<group>";
		};
		35FA13012B3466A500FEC83B /* Carousel */ = {
			isa = PBXGroup;
			children = (
				35FA13022B3466F500FEC83B /* Carousel.swift */,
				35FA13042B34672400FEC83B /* CarouselCell.swift */,
				35FA13062B34674D00FEC83B /* CarouselSlide.swift */,
			);
			path = Carousel;
			sourceTree = "<group>";
		};
		35FA130A2B34708200FEC83B /* DateCalandar */ = {
			isa = PBXGroup;
			children = (
			);
			path = DateCalandar;
			sourceTree = "<group>";
		};
		35FA130F2B3470B000FEC83B /* DateCalendar */ = {
			isa = PBXGroup;
			children = (
				35FA130B2B3470AB00FEC83B /* DateCalendarTableViewCell.swift */,
				35FA130C2B3470AB00FEC83B /* DateCalendarTableViewCell.xib */,
			);
			path = DateCalendar;
			sourceTree = "<group>";
		};
/* End PBXGroup section */

/* Begin PBXNativeTarget section */
		35B090272B3193CE00CD765A /* Utils */ = {
			isa = PBXNativeTarget;
			buildConfigurationList = 35B090522B3193CF00CD765A /* Build configuration list for PBXNativeTarget "Utils" */;
			buildPhases = (
				35B090242B3193CE00CD765A /* Sources */,
				35B090252B3193CE00CD765A /* Frameworks */,
				35B090262B3193CE00CD765A /* Resources */,
			);
			buildRules = (
			);
			dependencies = (
			);
			name = Utils;
			productName = Utils;
			productReference = 35B090282B3193CE00CD765A /* Utils.app */;
			productType = "com.apple.product-type.application";
		};
		35B0903D2B3193CF00CD765A /* UtilsTests */ = {
			isa = PBXNativeTarget;
			buildConfigurationList = 35B090552B3193CF00CD765A /* Build configuration list for PBXNativeTarget "UtilsTests" */;
			buildPhases = (
				35B0903A2B3193CF00CD765A /* Sources */,
				35B0903B2B3193CF00CD765A /* Frameworks */,
				35B0903C2B3193CF00CD765A /* Resources */,
			);
			buildRules = (
			);
			dependencies = (
				35B090402B3193CF00CD765A /* PBXTargetDependency */,
			);
			name = UtilsTests;
			productName = UtilsTests;
			productReference = 35B0903E2B3193CF00CD765A /* UtilsTests.xctest */;
			productType = "com.apple.product-type.bundle.unit-test";
		};
		35B090472B3193CF00CD765A /* UtilsUITests */ = {
			isa = PBXNativeTarget;
			buildConfigurationList = 35B090582B3193CF00CD765A /* Build configuration list for PBXNativeTarget "UtilsUITests" */;
			buildPhases = (
				35B090442B3193CF00CD765A /* Sources */,
				35B090452B3193CF00CD765A /* Frameworks */,
				35B090462B3193CF00CD765A /* Resources */,
			);
			buildRules = (
			);
			dependencies = (
				35B0904A2B3193CF00CD765A /* PBXTargetDependency */,
			);
			name = UtilsUITests;
			productName = UtilsUITests;
			productReference = 35B090482B3193CF00CD765A /* UtilsUITests.xctest */;
			productType = "com.apple.product-type.bundle.ui-testing";
		};
/* End PBXNativeTarget section */

/* Begin PBXProject section */
		35B090202B3193CE00CD765A /* Project object */ = {
			isa = PBXProject;
			attributes = {
				BuildIndependentTargetsInParallel = 1;
				LastSwiftUpdateCheck = 1510;
				LastUpgradeCheck = 1510;
				TargetAttributes = {
					35B090272B3193CE00CD765A = {
						CreatedOnToolsVersion = 15.1;
					};
					35B0903D2B3193CF00CD765A = {
						CreatedOnToolsVersion = 15.1;
						TestTargetID = 35B090272B3193CE00CD765A;
					};
					35B090472B3193CF00CD765A = {
						CreatedOnToolsVersion = 15.1;
						TestTargetID = 35B090272B3193CE00CD765A;
					};
				};
			};
			buildConfigurationList = 35B090232B3193CE00CD765A /* Build configuration list for PBXProject "Utils" */;
			compatibilityVersion = "Xcode 14.0";
			developmentRegion = en;
			hasScannedForEncodings = 0;
			knownRegions = (
				en,
				Base,
			);
			mainGroup = 35B0901F2B3193CE00CD765A;
			productRefGroup = 35B090292B3193CE00CD765A /* Products */;
			projectDirPath = "";
			projectRoot = "";
			targets = (
				35B090272B3193CE00CD765A /* Utils */,
				35B0903D2B3193CF00CD765A /* UtilsTests */,
				35B090472B3193CF00CD765A /* UtilsUITests */,
			);
		};
/* End PBXProject section */

/* Begin PBXResourcesBuildPhase section */
		35B090262B3193CE00CD765A /* Resources */ = {
			isa = PBXResourcesBuildPhase;
			buildActionMask = 2147483647;
			files = (
				35C710CC2B32F3F6004DBBC2 /* CustomAlertViewController.xib in Resources */,
				35FA12F22B3425A200FEC83B /* GenderViewController.xib in Resources */,
				35B090832B31C11000CD765A /* DropDownCell.xib in Resources */,
				3595E0312B32BED000B00C86 /* AlertDialogTableViewCell.xib in Resources */,
				35B090622B319D3B00CD765A /* Header.xib in Resources */,
				35FA130E2B3470AB00FEC83B /* DateCalendarTableViewCell.xib in Resources */,
				35B090382B3193CF00CD765A /* LaunchScreen.storyboard in Resources */,
				35B0906D2B31A11800CD765A /* ValidationTableViewCell.xib in Resources */,
				35C710C82B32CAC6004DBBC2 /* CustomDropDownCell.xib in Resources */,
				35B090352B3193CF00CD765A /* Assets.xcassets in Resources */,
				35B090332B3193CE00CD765A /* Main.storyboard in Resources */,
				35D681ED2B32C84C00E0CD3F /* DropDownViewController.xib in Resources */,
				35FA12FE2B344C2700FEC83B /* ProgressViewController.xib in Resources */,
			);
			runOnlyForDeploymentPostprocessing = 0;
		};
		35B0903C2B3193CF00CD765A /* Resources */ = {
			isa = PBXResourcesBuildPhase;
			buildActionMask = 2147483647;
			files = (
			);
			runOnlyForDeploymentPostprocessing = 0;
		};
		35B090462B3193CF00CD765A /* Resources */ = {
			isa = PBXResourcesBuildPhase;
			buildActionMask = 2147483647;
			files = (
			);
			runOnlyForDeploymentPostprocessing = 0;
		};
/* End PBXResourcesBuildPhase section */

/* Begin PBXSourcesBuildPhase section */
		35B090242B3193CE00CD765A /* Sources */ = {
			isa = PBXSourcesBuildPhase;
			buildActionMask = 2147483647;
			files = (
				35B0906F2B31AAC100CD765A /* Validate.swift in Sources */,
				35B090862B31C11000CD765A /* DPDUIView+Extension.swift in Sources */,
				35FA13002B345B9200FEC83B /* AJProgressView.swift in Sources */,
				35FA13032B3466F500FEC83B /* Carousel.swift in Sources */,
				35FA12F62B3447C200FEC83B /* ProgressDialogue.swift in Sources */,
				35FA12FD2B344C2700FEC83B /* ProgressViewController.swift in Sources */,
				35B8AA132B355E8C0012ABB3 /* ColorConfigure.swift in Sources */,
				35C710D02B331492004DBBC2 /* ReachabilitySwift.swift in Sources */,
				35FA12F12B3425A200FEC83B /* GenderViewController.swift in Sources */,
				35B090602B319D0400CD765A /* CustomHeaderView.swift in Sources */,
				35B090682B319F7A00CD765A /* DataItem.swift in Sources */,
				35FA12F42B34349C00FEC83B /* AlertHelperModel.swift in Sources */,
				35FA13092B34687500FEC83B /* Image+Extension.swift in Sources */,
				35B090842B31C11000CD765A /* DPDKeyboardListener.swift in Sources */,
				35B090302B3193CE00CD765A /* ViewController.swift in Sources */,
				35B0902C2B3193CE00CD765A /* AppDelegate.swift in Sources */,
				35FA130D2B3470AB00FEC83B /* DateCalendarTableViewCell.swift in Sources */,
				35B090852B31C11000CD765A /* DPDConstants.swift in Sources */,
				35FA13132B3476E100FEC83B /* Date+Extension.swift in Sources */,
				35B090742B31B4B400CD765A /* BaseViewController.swift in Sources */,
				35FA12E72B340A1F00FEC83B /* PopUpPresentationController.swift in Sources */,
				3595E0302B32BED000B00C86 /* AlertDialogTableViewCell.swift in Sources */,
				35B090722B31AD3000CD765A /* Regex.swift in Sources */,
				35B090892B31C11000CD765A /* DropDownCell.swift in Sources */,
				35B090652B319F5800CD765A /* Provider.swift in Sources */,
				35FA13052B34672400FEC83B /* CarouselCell.swift in Sources */,
				35C710D22B33151C004DBBC2 /* NetworkModel.swift in Sources */,
				35B0908A2B31C11000CD765A /* DropDown+Appearance.swift in Sources */,
				35C710C72B32CAC6004DBBC2 /* CustomDropDownCell.swift in Sources */,
				35B0902E2B3193CE00CD765A /* SceneDelegate.swift in Sources */,
				35FA13112B34763600FEC83B /* Enumerations.swift in Sources */,
				35C710CB2B32F3F6004DBBC2 /* CustomAlertViewController.swift in Sources */,
				35FA12EE2B34243100FEC83B /* Button+Extension.swift in Sources */,
				35D681EC2B32C84C00E0CD3F /* DropDownViewController.swift in Sources */,
				35FA13072B34674D00FEC83B /* CarouselSlide.swift in Sources */,
				35B090882B31C11000CD765A /* DropDown.swift in Sources */,
				35B0906C2B31A11800CD765A /* ValidationTableViewCell.swift in Sources */,
			);
			runOnlyForDeploymentPostprocessing = 0;
		};
		35B0903A2B3193CF00CD765A /* Sources */ = {
			isa = PBXSourcesBuildPhase;
			buildActionMask = 2147483647;
			files = (
				35B090432B3193CF00CD765A /* UtilsTests.swift in Sources */,
			);
			runOnlyForDeploymentPostprocessing = 0;
		};
		35B090442B3193CF00CD765A /* Sources */ = {
			isa = PBXSourcesBuildPhase;
			buildActionMask = 2147483647;
			files = (
				35B0904F2B3193CF00CD765A /* UtilsUITestsLaunchTests.swift in Sources */,
				35B0904D2B3193CF00CD765A /* UtilsUITests.swift in Sources */,
			);
			runOnlyForDeploymentPostprocessing = 0;
		};
/* End PBXSourcesBuildPhase section */

/* Begin PBXTargetDependency section */
		35B090402B3193CF00CD765A /* PBXTargetDependency */ = {
			isa = PBXTargetDependency;
			target = 35B090272B3193CE00CD765A /* Utils */;
			targetProxy = 35B0903F2B3193CF00CD765A /* PBXContainerItemProxy */;
		};
		35B0904A2B3193CF00CD765A /* PBXTargetDependency */ = {
			isa = PBXTargetDependency;
			target = 35B090272B3193CE00CD765A /* Utils */;
			targetProxy = 35B090492B3193CF00CD765A /* PBXContainerItemProxy */;
		};
/* End PBXTargetDependency section */

/* Begin PBXVariantGroup section */
		35B090312B3193CE00CD765A /* Main.storyboard */ = {
			isa = PBXVariantGroup;
			children = (
				35B090322B3193CE00CD765A /* Base */,
			);
			name = Main.storyboard;
			sourceTree = "<group>";
		};
		35B090362B3193CF00CD765A /* LaunchScreen.storyboard */ = {
			isa = PBXVariantGroup;
			children = (
				35B090372B3193CF00CD765A /* Base */,
			);
			name = LaunchScreen.storyboard;
			sourceTree = "<group>";
		};
/* End PBXVariantGroup section */

/* Begin XCBuildConfiguration section */
		35B090502B3193CF00CD765A /* Debug */ = {
			isa = XCBuildConfiguration;
			buildSettings = {
				ALWAYS_SEARCH_USER_PATHS = NO;
				ASSETCATALOG_COMPILER_GENERATE_SWIFT_ASSET_SYMBOL_EXTENSIONS = YES;
				CLANG_ANALYZER_NONNULL = YES;
				CLANG_ANALYZER_NUMBER_OBJECT_CONVERSION = YES_AGGRESSIVE;
				CLANG_CXX_LANGUAGE_STANDARD = "gnu++20";
				CLANG_ENABLE_MODULES = YES;
				CLANG_ENABLE_OBJC_ARC = YES;
				CLANG_ENABLE_OBJC_WEAK = YES;
				CLANG_WARN_BLOCK_CAPTURE_AUTORELEASING = YES;
				CLANG_WARN_BOOL_CONVERSION = YES;
				CLANG_WARN_COMMA = YES;
				CLANG_WARN_CONSTANT_CONVERSION = YES;
				CLANG_WARN_DEPRECATED_OBJC_IMPLEMENTATIONS = YES;
				CLANG_WARN_DIRECT_OBJC_ISA_USAGE = YES_ERROR;
				CLANG_WARN_DOCUMENTATION_COMMENTS = YES;
				CLANG_WARN_EMPTY_BODY = YES;
				CLANG_WARN_ENUM_CONVERSION = YES;
				CLANG_WARN_INFINITE_RECURSION = YES;
				CLANG_WARN_INT_CONVERSION = YES;
				CLANG_WARN_NON_LITERAL_NULL_CONVERSION = YES;
				CLANG_WARN_OBJC_IMPLICIT_RETAIN_SELF = YES;
				CLANG_WARN_OBJC_LITERAL_CONVERSION = YES;
				CLANG_WARN_OBJC_ROOT_CLASS = YES_ERROR;
				CLANG_WARN_QUOTED_INCLUDE_IN_FRAMEWORK_HEADER = YES;
				CLANG_WARN_RANGE_LOOP_ANALYSIS = YES;
				CLANG_WARN_STRICT_PROTOTYPES = YES;
				CLANG_WARN_SUSPICIOUS_MOVE = YES;
				CLANG_WARN_UNGUARDED_AVAILABILITY = YES_AGGRESSIVE;
				CLANG_WARN_UNREACHABLE_CODE = YES;
				CLANG_WARN__DUPLICATE_METHOD_MATCH = YES;
				COPY_PHASE_STRIP = NO;
				DEBUG_INFORMATION_FORMAT = dwarf;
				ENABLE_STRICT_OBJC_MSGSEND = YES;
				ENABLE_TESTABILITY = YES;
				ENABLE_USER_SCRIPT_SANDBOXING = YES;
				GCC_C_LANGUAGE_STANDARD = gnu17;
				GCC_DYNAMIC_NO_PIC = NO;
				GCC_NO_COMMON_BLOCKS = YES;
				GCC_OPTIMIZATION_LEVEL = 0;
				GCC_PREPROCESSOR_DEFINITIONS = (
					"DEBUG=1",
					"$(inherited)",
				);
				GCC_WARN_64_TO_32_BIT_CONVERSION = YES;
				GCC_WARN_ABOUT_RETURN_TYPE = YES_ERROR;
				GCC_WARN_UNDECLARED_SELECTOR = YES;
				GCC_WARN_UNINITIALIZED_AUTOS = YES_AGGRESSIVE;
				GCC_WARN_UNUSED_FUNCTION = YES;
				GCC_WARN_UNUSED_VARIABLE = YES;
				IPHONEOS_DEPLOYMENT_TARGET = 17.2;
				LOCALIZATION_PREFERS_STRING_CATALOGS = YES;
				MTL_ENABLE_DEBUG_INFO = INCLUDE_SOURCE;
				MTL_FAST_MATH = YES;
				ONLY_ACTIVE_ARCH = YES;
				SDKROOT = iphoneos;
				SWIFT_ACTIVE_COMPILATION_CONDITIONS = "DEBUG $(inherited)";
				SWIFT_OPTIMIZATION_LEVEL = "-Onone";
			};
			name = Debug;
		};
		35B090512B3193CF00CD765A /* Release */ = {
			isa = XCBuildConfiguration;
			buildSettings = {
				ALWAYS_SEARCH_USER_PATHS = NO;
				ASSETCATALOG_COMPILER_GENERATE_SWIFT_ASSET_SYMBOL_EXTENSIONS = YES;
				CLANG_ANALYZER_NONNULL = YES;
				CLANG_ANALYZER_NUMBER_OBJECT_CONVERSION = YES_AGGRESSIVE;
				CLANG_CXX_LANGUAGE_STANDARD = "gnu++20";
				CLANG_ENABLE_MODULES = YES;
				CLANG_ENABLE_OBJC_ARC = YES;
				CLANG_ENABLE_OBJC_WEAK = YES;
				CLANG_WARN_BLOCK_CAPTURE_AUTORELEASING = YES;
				CLANG_WARN_BOOL_CONVERSION = YES;
				CLANG_WARN_COMMA = YES;
				CLANG_WARN_CONSTANT_CONVERSION = YES;
				CLANG_WARN_DEPRECATED_OBJC_IMPLEMENTATIONS = YES;
				CLANG_WARN_DIRECT_OBJC_ISA_USAGE = YES_ERROR;
				CLANG_WARN_DOCUMENTATION_COMMENTS = YES;
				CLANG_WARN_EMPTY_BODY = YES;
				CLANG_WARN_ENUM_CONVERSION = YES;
				CLANG_WARN_INFINITE_RECURSION = YES;
				CLANG_WARN_INT_CONVERSION = YES;
				CLANG_WARN_NON_LITERAL_NULL_CONVERSION = YES;
				CLANG_WARN_OBJC_IMPLICIT_RETAIN_SELF = YES;
				CLANG_WARN_OBJC_LITERAL_CONVERSION = YES;
				CLANG_WARN_OBJC_ROOT_CLASS = YES_ERROR;
				CLANG_WARN_QUOTED_INCLUDE_IN_FRAMEWORK_HEADER = YES;
				CLANG_WARN_RANGE_LOOP_ANALYSIS = YES;
				CLANG_WARN_STRICT_PROTOTYPES = YES;
				CLANG_WARN_SUSPICIOUS_MOVE = YES;
				CLANG_WARN_UNGUARDED_AVAILABILITY = YES_AGGRESSIVE;
				CLANG_WARN_UNREACHABLE_CODE = YES;
				CLANG_WARN__DUPLICATE_METHOD_MATCH = YES;
				COPY_PHASE_STRIP = NO;
				DEBUG_INFORMATION_FORMAT = "dwarf-with-dsym";
				ENABLE_NS_ASSERTIONS = NO;
				ENABLE_STRICT_OBJC_MSGSEND = YES;
				ENABLE_USER_SCRIPT_SANDBOXING = YES;
				GCC_C_LANGUAGE_STANDARD = gnu17;
				GCC_NO_COMMON_BLOCKS = YES;
				GCC_WARN_64_TO_32_BIT_CONVERSION = YES;
				GCC_WARN_ABOUT_RETURN_TYPE = YES_ERROR;
				GCC_WARN_UNDECLARED_SELECTOR = YES;
				GCC_WARN_UNINITIALIZED_AUTOS = YES_AGGRESSIVE;
				GCC_WARN_UNUSED_FUNCTION = YES;
				GCC_WARN_UNUSED_VARIABLE = YES;
				IPHONEOS_DEPLOYMENT_TARGET = 17.2;
				LOCALIZATION_PREFERS_STRING_CATALOGS = YES;
				MTL_ENABLE_DEBUG_INFO = NO;
				MTL_FAST_MATH = YES;
				SDKROOT = iphoneos;
				SWIFT_COMPILATION_MODE = wholemodule;
				VALIDATE_PRODUCT = YES;
			};
			name = Release;
		};
		35B090532B3193CF00CD765A /* Debug */ = {
			isa = XCBuildConfiguration;
			buildSettings = {
				ASSETCATALOG_COMPILER_APPICON_NAME = AppIcon;
				ASSETCATALOG_COMPILER_GLOBAL_ACCENT_COLOR_NAME = AccentColor;
				CODE_SIGN_STYLE = Automatic;
				CURRENT_PROJECT_VERSION = 1;
				DEVELOPMENT_TEAM = XNBXMXSDDD;
				GENERATE_INFOPLIST_FILE = YES;
				INFOPLIST_FILE = Utils/Info.plist;
				INFOPLIST_KEY_UIApplicationSupportsIndirectInputEvents = YES;
				INFOPLIST_KEY_UILaunchStoryboardName = LaunchScreen;
				INFOPLIST_KEY_UIMainStoryboardFile = Main;
				INFOPLIST_KEY_UISupportedInterfaceOrientations_iPad = "UIInterfaceOrientationPortrait UIInterfaceOrientationPortraitUpsideDown UIInterfaceOrientationLandscapeLeft UIInterfaceOrientationLandscapeRight";
				INFOPLIST_KEY_UISupportedInterfaceOrientations_iPhone = "UIInterfaceOrientationPortrait UIInterfaceOrientationLandscapeLeft UIInterfaceOrientationLandscapeRight";
				LD_RUNPATH_SEARCH_PATHS = (
					"$(inherited)",
					"@executable_path/Frameworks",
				);
				MARKETING_VERSION = 1.0;
				PRODUCT_BUNDLE_IDENTIFIER = fai.Utils;
				PRODUCT_NAME = "$(TARGET_NAME)";
				SWIFT_EMIT_LOC_STRINGS = YES;
				SWIFT_VERSION = 5.0;
				TARGETED_DEVICE_FAMILY = "1,2";
			};
			name = Debug;
		};
		35B090542B3193CF00CD765A /* Release */ = {
			isa = XCBuildConfiguration;
			buildSettings = {
				ASSETCATALOG_COMPILER_APPICON_NAME = AppIcon;
				ASSETCATALOG_COMPILER_GLOBAL_ACCENT_COLOR_NAME = AccentColor;
				CODE_SIGN_STYLE = Automatic;
				CURRENT_PROJECT_VERSION = 1;
				DEVELOPMENT_TEAM = XNBXMXSDDD;
				GENERATE_INFOPLIST_FILE = YES;
				INFOPLIST_FILE = Utils/Info.plist;
				INFOPLIST_KEY_UIApplicationSupportsIndirectInputEvents = YES;
				INFOPLIST_KEY_UILaunchStoryboardName = LaunchScreen;
				INFOPLIST_KEY_UIMainStoryboardFile = Main;
				INFOPLIST_KEY_UISupportedInterfaceOrientations_iPad = "UIInterfaceOrientationPortrait UIInterfaceOrientationPortraitUpsideDown UIInterfaceOrientationLandscapeLeft UIInterfaceOrientationLandscapeRight";
				INFOPLIST_KEY_UISupportedInterfaceOrientations_iPhone = "UIInterfaceOrientationPortrait UIInterfaceOrientationLandscapeLeft UIInterfaceOrientationLandscapeRight";
				LD_RUNPATH_SEARCH_PATHS = (
					"$(inherited)",
					"@executable_path/Frameworks",
				);
				MARKETING_VERSION = 1.0;
				PRODUCT_BUNDLE_IDENTIFIER = fai.Utils;
				PRODUCT_NAME = "$(TARGET_NAME)";
				SWIFT_EMIT_LOC_STRINGS = YES;
				SWIFT_VERSION = 5.0;
				TARGETED_DEVICE_FAMILY = "1,2";
			};
			name = Release;
		};
		35B090562B3193CF00CD765A /* Debug */ = {
			isa = XCBuildConfiguration;
			buildSettings = {
				ALWAYS_EMBED_SWIFT_STANDARD_LIBRARIES = YES;
				BUNDLE_LOADER = "$(TEST_HOST)";
				CODE_SIGN_STYLE = Automatic;
				CURRENT_PROJECT_VERSION = 1;
				DEVELOPMENT_TEAM = XNBXMXSDDD;
				GENERATE_INFOPLIST_FILE = YES;
				IPHONEOS_DEPLOYMENT_TARGET = 17.2;
				MARKETING_VERSION = 1.0;
				PRODUCT_BUNDLE_IDENTIFIER = fai.UtilsTests;
				PRODUCT_NAME = "$(TARGET_NAME)";
				SWIFT_EMIT_LOC_STRINGS = NO;
				SWIFT_VERSION = 5.0;
				TARGETED_DEVICE_FAMILY = "1,2";
				TEST_HOST = "$(BUILT_PRODUCTS_DIR)/Utils.app/$(BUNDLE_EXECUTABLE_FOLDER_PATH)/Utils";
			};
			name = Debug;
		};
		35B090572B3193CF00CD765A /* Release */ = {
			isa = XCBuildConfiguration;
			buildSettings = {
				ALWAYS_EMBED_SWIFT_STANDARD_LIBRARIES = YES;
				BUNDLE_LOADER = "$(TEST_HOST)";
				CODE_SIGN_STYLE = Automatic;
				CURRENT_PROJECT_VERSION = 1;
				DEVELOPMENT_TEAM = XNBXMXSDDD;
				GENERATE_INFOPLIST_FILE = YES;
				IPHONEOS_DEPLOYMENT_TARGET = 17.2;
				MARKETING_VERSION = 1.0;
				PRODUCT_BUNDLE_IDENTIFIER = fai.UtilsTests;
				PRODUCT_NAME = "$(TARGET_NAME)";
				SWIFT_EMIT_LOC_STRINGS = NO;
				SWIFT_VERSION = 5.0;
				TARGETED_DEVICE_FAMILY = "1,2";
				TEST_HOST = "$(BUILT_PRODUCTS_DIR)/Utils.app/$(BUNDLE_EXECUTABLE_FOLDER_PATH)/Utils";
			};
			name = Release;
		};
		35B090592B3193CF00CD765A /* Debug */ = {
			isa = XCBuildConfiguration;
			buildSettings = {
				ALWAYS_EMBED_SWIFT_STANDARD_LIBRARIES = YES;
				CODE_SIGN_STYLE = Automatic;
				CURRENT_PROJECT_VERSION = 1;
				DEVELOPMENT_TEAM = XNBXMXSDDD;
				GENERATE_INFOPLIST_FILE = YES;
				MARKETING_VERSION = 1.0;
				PRODUCT_BUNDLE_IDENTIFIER = fai.UtilsUITests;
				PRODUCT_NAME = "$(TARGET_NAME)";
				SWIFT_EMIT_LOC_STRINGS = NO;
				SWIFT_VERSION = 5.0;
				TARGETED_DEVICE_FAMILY = "1,2";
				TEST_TARGET_NAME = Utils;
			};
			name = Debug;
		};
		35B0905A2B3193CF00CD765A /* Release */ = {
			isa = XCBuildConfiguration;
			buildSettings = {
				ALWAYS_EMBED_SWIFT_STANDARD_LIBRARIES = YES;
				CODE_SIGN_STYLE = Automatic;
				CURRENT_PROJECT_VERSION = 1;
				DEVELOPMENT_TEAM = XNBXMXSDDD;
				GENERATE_INFOPLIST_FILE = YES;
				MARKETING_VERSION = 1.0;
				PRODUCT_BUNDLE_IDENTIFIER = fai.UtilsUITests;
				PRODUCT_NAME = "$(TARGET_NAME)";
				SWIFT_EMIT_LOC_STRINGS = NO;
				SWIFT_VERSION = 5.0;
				TARGETED_DEVICE_FAMILY = "1,2";
				TEST_TARGET_NAME = Utils;
			};
			name = Release;
		};
/* End XCBuildConfiguration section */

/* Begin XCConfigurationList section */
		35B090232B3193CE00CD765A /* Build configuration list for PBXProject "Utils" */ = {
			isa = XCConfigurationList;
			buildConfigurations = (
				35B090502B3193CF00CD765A /* Debug */,
				35B090512B3193CF00CD765A /* Release */,
			);
			defaultConfigurationIsVisible = 0;
			defaultConfigurationName = Release;
		};
		35B090522B3193CF00CD765A /* Build configuration list for PBXNativeTarget "Utils" */ = {
			isa = XCConfigurationList;
			buildConfigurations = (
				35B090532B3193CF00CD765A /* Debug */,
				35B090542B3193CF00CD765A /* Release */,
			);
			defaultConfigurationIsVisible = 0;
			defaultConfigurationName = Release;
		};
		35B090552B3193CF00CD765A /* Build configuration list for PBXNativeTarget "UtilsTests" */ = {
			isa = XCConfigurationList;
			buildConfigurations = (
				35B090562B3193CF00CD765A /* Debug */,
				35B090572B3193CF00CD765A /* Release */,
			);
			defaultConfigurationIsVisible = 0;
			defaultConfigurationName = Release;
		};
		35B090582B3193CF00CD765A /* Build configuration list for PBXNativeTarget "UtilsUITests" */ = {
			isa = XCConfigurationList;
			buildConfigurations = (
				35B090592B3193CF00CD765A /* Debug */,
				35B0905A2B3193CF00CD765A /* Release */,
			);
			defaultConfigurationIsVisible = 0;
			defaultConfigurationName = Release;
		};
/* End XCConfigurationList section */
	};
	rootObject = 35B090202B3193CE00CD765A /* Project object */;
}
